
Microsoft Visual Studio Solution File, Format Version 12.00
# Visual Studio Version 17
VisualStudioVersion = 17.11.35327.3
MinimumVisualStudioVersion = 10.0.40219.1
Project("{888888A0-9F3D-457C-B088-3A5042F75D52}") = "unet_test", "unet_test\unet_test.pyproj", "{CE1249F5-DE63-4561-85B9-805854E218BC}"
EndProject
Global
	GlobalSection(SolutionConfigurationPlatforms) = preSolution
		Debug|Any CPU = Debug|Any CPU
		Release|Any CPU = Release|Any CPU
	EndGlobalSection
	GlobalSection(ProjectConfigurationPlatforms) = postSolution
		{CE1249F5-DE63-4561-85B9-805854E218BC}.Debug|Any CPU.ActiveCfg = Debug|Any CPU
		{CE1249F5-DE63-4561-85B9-805854E218BC}.Release|Any CPU.ActiveCfg = Release|Any CPU
	EndGlobalSection
	GlobalSection(SolutionProperties) = preSolution
		HideSolutionNode = FALSE
	EndGlobalSection
	GlobalSection(ExtensibilityGlobals) = postSolution
		SolutionGuid = {73343FF4-0463-43A8-B70D-2FCB25A283F4}
	EndGlobalSection
EndGlobal
